<?xml version="1.0" encoding="utf-8"?>
<Project ToolsVersion="4.0" xmlns="http://schemas.microsoft.com/developer/msbuild/2003">
  <ItemGroup>
    <Filter Include="GPU Model">
      <UniqueIdentifier>{55d31f92-036c-4a57-b177-1d7d5d7355b6}</UniqueIdentifier>
    </Filter>
    <Filter Include="GPU Prescan">
      <UniqueIdentifier>{f758ad77-964e-4ddf-ad45-aba65e76286e}</UniqueIdentifier>
    </Filter>
    <Filter Include="Eulerian System">
      <UniqueIdentifier>{df5589b3-0608-4b75-8f82-5a3ca8af24bd}</UniqueIdentifier>
    </Filter>
    <Filter Include="Utils">
      <UniqueIdentifier>{9b82fa81-bedb-4faf-8d92-e1fa93169963}</UniqueIdentifier>
    </Filter>
    <Filter Include="SPH System">
      <UniqueIdentifier>{6e33e5de-acd1-4615-9555-f3cf68a606ef}</UniqueIdentifier>
    </Filter>
    <Filter Include="Marching Cubes">
      <UniqueIdentifier>{a08c016c-896a-4c51-b108-2eec44fe4591}</UniqueIdentifier>
    </Filter>
  </ItemGroup>
  <ItemGroup>
    <ClCompile Include="gl_main.cpp" />
    <ClCompile Include="gpu_model_reader.cpp">
      <Filter>GPU Model</Filter>
    </ClCompile>
    <ClCompile Include="sph_marching_cube.cpp">
      <Filter>Marching Cubes</Filter>
    </ClCompile>
    <ClCompile Include="sph_particle.cpp">
      <Filter>SPH System</Filter>
    </ClCompile>
    <ClCompile Include="pcisph_factor.cpp">
      <Filter>SPH System</Filter>
    </ClCompile>
    <ClCompile Include="sph_timer.cpp">
      <Filter>Utils</Filter>
    </ClCompile>
    <ClCompile Include="lodepng.cpp">
      <Filter>Utils</Filter>
    </ClCompile>
    <ClCompile Include="parameters.cpp" />
  </ItemGroup>
  <ItemGroup>
    <ClInclude Include="sph_hybrid_system.h">
      <Filter>SPH System</Filter>
    </ClInclude>
    <ClInclude Include="sph_particle.h">
      <Filter>SPH System</Filter>
    </ClInclude>
    <ClInclude Include="sph_parameter.h">
      <Filter>SPH System</Filter>
    </ClInclude>
    <ClInclude Include="sph_arrangement.cuh">
      <Filter>SPH System</Filter>
    </ClInclude>
    <ClInclude Include="sph_utils.cuh">
      <Filter>SPH System</Filter>
    </ClInclude>
    <ClInclude Include="sph_kernel.cuh">
      <Filter>SPH System</Filter>
    </ClInclude>
    <ClInclude Include="sph_kernel_shared_data.cuh">
      <Filter>SPH System</Filter>
    </ClInclude>
    <ClInclude Include="cuda_prescan\scan.cuh">
      <Filter>GPU Prescan</Filter>
    </ClInclude>
    <ClInclude Include="cuda_prescan\scan_kern.cuh">
      <Filter>GPU Prescan</Filter>
    </ClInclude>
    <ClInclude Include="gpu_model.cuh">
      <Filter>GPU Model</Filter>
    </ClInclude>
    <ClInclude Include="gpu_model.h">
      <Filter>GPU Model</Filter>
    </ClInclude>
    <ClInclude Include="gpu_model_reader.h">
      <Filter>GPU Model</Filter>
    </ClInclude>
    <ClInclude Include="gl_main_header.h" />
    <ClInclude Include="sph_marching_cube.h">
      <Filter>Marching Cubes</Filter>
    </ClInclude>
    <ClInclude Include="pcisph_factor.h">
      <Filter>SPH System</Filter>
    </ClInclude>
    <ClInclude Include="save_screen.h">
      <Filter>Utils</Filter>
    </ClInclude>
    <ClInclude Include="sph_timer.h">
      <Filter>Utils</Filter>
    </ClInclude>
    <ClInclude Include="gl_texture.h">
      <Filter>Utils</Filter>
    </ClInclude>
    <ClInclude Include="high_resolution_timer.h">
      <Filter>Utils</Filter>
    </ClInclude>
    <ClInclude Include="lodepng.h">
      <Filter>Utils</Filter>
    </ClInclude>
    <ClInclude Include="parameters.h" />
    <ClInclude Include="main.h" />
    <ClInclude Include="nv_gui.h" />
  </ItemGroup>
  <ItemGroup>
    <CudaCompile Include="sph_arrangement.cu">
      <Filter>SPH System</Filter>
    </CudaCompile>
    <CudaCompile Include="sph_hybrid_system.cpp">
      <Filter>SPH System</Filter>
    </CudaCompile>
    <CudaCompile Include="sph_kernel.cu">
      <Filter>SPH System</Filter>
    </CudaCompile>
    <CudaCompile Include="cuda_prescan\prefix_sum.cu">
      <Filter>GPU Prescan</Filter>
    </CudaCompile>
    <CudaCompile Include="cuda_prescan\scan.cu">
      <Filter>GPU Prescan</Filter>
    </CudaCompile>
    <CudaCompile Include="gpu_model.cu">
      <Filter>GPU Model</Filter>
    </CudaCompile>
  </ItemGroup>
</Project>